<?xml version="1.0" encoding="utf-8"?>
<Project ToolsVersion="4.0" xmlns="http://schemas.microsoft.com/developer/msbuild/2003">
  <ItemGroup>
    <Filter Include="源文件">
      <UniqueIdentifier>{4FC737F1-C7A5-4376-A066-2A32D752A2FF}</UniqueIdentifier>
      <Extensions>cpp;c;cc;cxx;c++;cppm;ixx;def;odl;idl;hpj;bat;asm;asmx</Extensions>
    </Filter>
    <Filter Include="头文件">
      <UniqueIdentifier>{93995380-89BD-4b04-88EB-625FBE52EBFB}</UniqueIdentifier>
      <Extensions>h;hh;hpp;hxx;h++;hm;inl;inc;ipp;xsd</Extensions>
    </Filter>
    <Filter Include="资源文件">
      <UniqueIdentifier>{67DA6AB6-F800-4c08-8B7A-83BB121AAD01}</UniqueIdentifier>
      <Extensions>rc;ico;cur;bmp;dlg;rc2;rct;bin;rgs;gif;jpg;jpeg;jpe;resx;tiff;tif;png;wav;mfcribbon-ms</Extensions>
    </Filter>
  </ItemGroup>
  <ItemGroup>
    <ClInclude Include="Solution_of_Leet.h">
      <Filter>头文件</Filter>
    </ClInclude>
  </ItemGroup>
  <ItemGroup>
    <ClCompile Include="~~~Blue5003.反异或01串.cpp">
      <Filter>源文件</Filter>
    </ClCompile>
    <ClCompile Include="~~~Leet3222.求出硬币游戏的玩家.cpp">
      <Filter>源文件</Filter>
    </ClCompile>
    <ClCompile Include="Leet_Main.cpp">
      <Filter>源文件</Filter>
    </ClCompile>
    <ClCompile Include="Leet3254. 长度为 K 的子数组的能量值 I.cpp">
      <Filter>源文件</Filter>
    </ClCompile>
    <ClCompile Include="Blue1259.奇怪的捐赠.cpp">
      <Filter>源文件</Filter>
    </ClCompile>
    <ClCompile Include="Leet3255. 长度为 K 的子数组的能量值 II.cpp">
      <Filter>源文件</Filter>
    </ClCompile>
    <ClCompile Include="Leet769. 最多能完成排序的块.cpp">
      <Filter>源文件</Filter>
    </ClCompile>
  </ItemGroup>
</Project>